
Microsoft Visual Studio Solution File, Format Version 12.00
# Visual Studio Version 17
VisualStudioVersion = 17.1.32210.238
MinimumVisualStudioVersion = 10.0.40219.1
Project("{2150E333-8FDC-42A3-9474-1A3956D46DE8}") = "1 - Application", "1 - Application", "{CA51928D-C57D-4FA3-A931-1BEBDBC26BDF}"
EndProject
Project("{2150E333-8FDC-42A3-9474-1A3956D46DE8}") = "2 - Domain", "2 - Domain", "{63BDE37F-FD2D-4F7D-8D65-0F198FA334B0}"
EndProject
Project("{2150E333-8FDC-42A3-9474-1A3956D46DE8}") = "3 - Service", "3 - Service", "{E08D102F-4A4E-4C2F-93B7-7C98F2438A04}"
EndProject
Project("{2150E333-8FDC-42A3-9474-1A3956D46DE8}") = "4 - Infra", "4 - Infra", "{9FF73932-0DDA-4B92-BFF0-BD111BB6567B}"
EndProject
Project("{2150E333-8FDC-42A3-9474-1A3956D46DE8}") = "4.1 - Data", "4.1 - Data", "{CB904783-7246-47C5-B122-1226EDD83AF8}"
EndProject
Project("{2150E333-8FDC-42A3-9474-1A3956D46DE8}") = "4.2 - CrossCutting", "4.2 - CrossCutting", "{43CB0301-28F6-44B7-93EF-E5FF1265ADB6}"
EndProject
Project("{9A19103F-16F7-4668-BE54-9A1E7A4F7556}") = "BooksApi.Domain", "BooksApi.Domain\BooksApi.Domain.csproj", "{25377484-2BE1-42D8-A4EC-DDB71174F5C1}"
EndProject
Project("{9A19103F-16F7-4668-BE54-9A1E7A4F7556}") = "BooksApi.Service", "BooksApi.Service\BooksApi.Service.csproj", "{C754A4CA-007E-4791-9F84-3B1F8FC30F91}"
EndProject
Project("{9A19103F-16F7-4668-BE54-9A1E7A4F7556}") = "BooksApi.Infra.Data", "BooksApi.Infra.Data\BooksApi.Infra.Data.csproj", "{046840F1-7592-40B2-8852-04315E073290}"
EndProject
Project("{9A19103F-16F7-4668-BE54-9A1E7A4F7556}") = "BooksApi.Infra.CrossCutting", "BooksApi.Infra.CrossCutting\BooksApi.Infra.CrossCutting.csproj", "{27503E3B-29ED-406A-9D85-15A18B7AD459}"
EndProject
Project("{FAE04EC0-301F-11D3-BF4B-00C04F79EFBC}") = "BooksApi.Application", "BooksApi.Application\BooksApi.Application.csproj", "{3ED923E2-B0DE-4D11-AB59-5E39B44B871D}"
EndProject
Global
	GlobalSection(SolutionConfigurationPlatforms) = preSolution
		Debug|Any CPU = Debug|Any CPU
		Release|Any CPU = Release|Any CPU
	EndGlobalSection
	GlobalSection(ProjectConfigurationPlatforms) = postSolution
		{25377484-2BE1-42D8-A4EC-DDB71174F5C1}.Debug|Any CPU.ActiveCfg = Debug|Any CPU
		{25377484-2BE1-42D8-A4EC-DDB71174F5C1}.Debug|Any CPU.Build.0 = Debug|Any CPU
		{25377484-2BE1-42D8-A4EC-DDB71174F5C1}.Release|Any CPU.ActiveCfg = Release|Any CPU
		{25377484-2BE1-42D8-A4EC-DDB71174F5C1}.Release|Any CPU.Build.0 = Release|Any CPU
		{C754A4CA-007E-4791-9F84-3B1F8FC30F91}.Debug|Any CPU.ActiveCfg = Debug|Any CPU
		{C754A4CA-007E-4791-9F84-3B1F8FC30F91}.Debug|Any CPU.Build.0 = Debug|Any CPU
		{C754A4CA-007E-4791-9F84-3B1F8FC30F91}.Release|Any CPU.ActiveCfg = Release|Any CPU
		{C754A4CA-007E-4791-9F84-3B1F8FC30F91}.Release|Any CPU.Build.0 = Release|Any CPU
		{046840F1-7592-40B2-8852-04315E073290}.Debug|Any CPU.ActiveCfg = Debug|Any CPU
		{046840F1-7592-40B2-8852-04315E073290}.Debug|Any CPU.Build.0 = Debug|Any CPU
		{046840F1-7592-40B2-8852-04315E073290}.Release|Any CPU.ActiveCfg = Release|Any CPU
		{046840F1-7592-40B2-8852-04315E073290}.Release|Any CPU.Build.0 = Release|Any CPU
		{27503E3B-29ED-406A-9D85-15A18B7AD459}.Debug|Any CPU.ActiveCfg = Debug|Any CPU
		{27503E3B-29ED-406A-9D85-15A18B7AD459}.Debug|Any CPU.Build.0 = Debug|Any CPU
		{27503E3B-29ED-406A-9D85-15A18B7AD459}.Release|Any CPU.ActiveCfg = Release|Any CPU
		{27503E3B-29ED-406A-9D85-15A18B7AD459}.Release|Any CPU.Build.0 = Release|Any CPU
		{3ED923E2-B0DE-4D11-AB59-5E39B44B871D}.Debug|Any CPU.ActiveCfg = Debug|Any CPU
		{3ED923E2-B0DE-4D11-AB59-5E39B44B871D}.Debug|Any CPU.Build.0 = Debug|Any CPU
		{3ED923E2-B0DE-4D11-AB59-5E39B44B871D}.Release|Any CPU.ActiveCfg = Release|Any CPU
		{3ED923E2-B0DE-4D11-AB59-5E39B44B871D}.Release|Any CPU.Build.0 = Release|Any CPU
	EndGlobalSection
	GlobalSection(SolutionProperties) = preSolution
		HideSolutionNode = FALSE
	EndGlobalSection
	GlobalSection(NestedProjects) = preSolution
		{CB904783-7246-47C5-B122-1226EDD83AF8} = {9FF73932-0DDA-4B92-BFF0-BD111BB6567B}
		{43CB0301-28F6-44B7-93EF-E5FF1265ADB6} = {9FF73932-0DDA-4B92-BFF0-BD111BB6567B}
		{25377484-2BE1-42D8-A4EC-DDB71174F5C1} = {63BDE37F-FD2D-4F7D-8D65-0F198FA334B0}
		{C754A4CA-007E-4791-9F84-3B1F8FC30F91} = {E08D102F-4A4E-4C2F-93B7-7C98F2438A04}
		{046840F1-7592-40B2-8852-04315E073290} = {CB904783-7246-47C5-B122-1226EDD83AF8}
		{27503E3B-29ED-406A-9D85-15A18B7AD459} = {43CB0301-28F6-44B7-93EF-E5FF1265ADB6}
		{3ED923E2-B0DE-4D11-AB59-5E39B44B871D} = {CA51928D-C57D-4FA3-A931-1BEBDBC26BDF}
	EndGlobalSection
	GlobalSection(ExtensibilityGlobals) = postSolution
		SolutionGuid = {A1014DF0-8993-4330-B423-FC79D2B43E57}
	EndGlobalSection
EndGlobal
